
Microsoft Visual Studio Solution File, Format Version 12.00
# Visual Studio 14
VisualStudioVersion = 14.0.25420.1
MinimumVisualStudioVersion = 10.0.40219.1
Project("{FAE04EC0-301F-11D3-BF4B-00C04F79EFBC}") = "Client", "src\Client\Client.csproj", "{1F0D1656-CF0D-4704-91D4-90A39E91B908}"
EndProject
Project("{FAE04EC0-301F-11D3-BF4B-00C04F79EFBC}") = "Client.Tests", "test\Client.Tests\Client.Tests.csproj", "{BE6699E0-260C-49E3-9959-6246D40DBFBE}"
EndProject
Project("{2150E333-8FDC-42A3-9474-1A3956D46DE8}") = "build", "build", "{B16FD363-3F4B-4C9A-9DA1-B773E4B61754}"
	ProjectSection(SolutionItems) = preProject
		appveyor.yml = appveyor.yml
		build.cmd = build.cmd
		build.fsx = build.fsx
	EndProjectSection
EndProject
Project("{2150E333-8FDC-42A3-9474-1A3956D46DE8}") = "Solution Items", "Solution Items", "{8AF6E686-EE31-4CCF-A74A-3658E0F15A47}"
	ProjectSection(SolutionItems) = preProject
		CHANGELOG.md = CHANGELOG.md
		CONTRIBUTING.md = CONTRIBUTING.md
		ISSUE_TEMPLATE.md = ISSUE_TEMPLATE.md
		LICENSE = LICENSE
		README.md = README.md
	EndProjectSection
EndProject
Global
	GlobalSection(SolutionConfigurationPlatforms) = preSolution
		Debug|Any CPU = Debug|Any CPU
		Debug-Net35|Any CPU = Debug-Net35|Any CPU
		Debug-Net40|Any CPU = Debug-Net40|Any CPU
		Release|Any CPU = Release|Any CPU
		Release-Net35|Any CPU = Release-Net35|Any CPU
		Release-Net40|Any CPU = Release-Net40|Any CPU
	EndGlobalSection
	GlobalSection(ProjectConfigurationPlatforms) = postSolution
		{1F0D1656-CF0D-4704-91D4-90A39E91B908}.Debug|Any CPU.ActiveCfg = Debug|Any CPU
		{1F0D1656-CF0D-4704-91D4-90A39E91B908}.Debug|Any CPU.Build.0 = Debug|Any CPU
		{1F0D1656-CF0D-4704-91D4-90A39E91B908}.Debug-Net35|Any CPU.ActiveCfg = Debug-Net35|Any CPU
		{1F0D1656-CF0D-4704-91D4-90A39E91B908}.Debug-Net35|Any CPU.Build.0 = Debug-Net35|Any CPU
		{1F0D1656-CF0D-4704-91D4-90A39E91B908}.Debug-Net40|Any CPU.ActiveCfg = Debug-Net40|Any CPU
		{1F0D1656-CF0D-4704-91D4-90A39E91B908}.Debug-Net40|Any CPU.Build.0 = Debug-Net40|Any CPU
		{1F0D1656-CF0D-4704-91D4-90A39E91B908}.Release|Any CPU.ActiveCfg = Release|Any CPU
		{1F0D1656-CF0D-4704-91D4-90A39E91B908}.Release|Any CPU.Build.0 = Release|Any CPU
		{1F0D1656-CF0D-4704-91D4-90A39E91B908}.Release-Net35|Any CPU.ActiveCfg = Release-Net35|Any CPU
		{1F0D1656-CF0D-4704-91D4-90A39E91B908}.Release-Net35|Any CPU.Build.0 = Release-Net35|Any CPU
		{1F0D1656-CF0D-4704-91D4-90A39E91B908}.Release-Net40|Any CPU.ActiveCfg = Release-Net40|Any CPU
		{1F0D1656-CF0D-4704-91D4-90A39E91B908}.Release-Net40|Any CPU.Build.0 = Release-Net40|Any CPU
		{BE6699E0-260C-49E3-9959-6246D40DBFBE}.Debug|Any CPU.ActiveCfg = Debug|Any CPU
		{BE6699E0-260C-49E3-9959-6246D40DBFBE}.Debug|Any CPU.Build.0 = Debug|Any CPU
		{BE6699E0-260C-49E3-9959-6246D40DBFBE}.Debug-Net35|Any CPU.ActiveCfg = Debug-Net35|Any CPU
		{BE6699E0-260C-49E3-9959-6246D40DBFBE}.Debug-Net35|Any CPU.Build.0 = Debug-Net35|Any CPU
		{BE6699E0-260C-49E3-9959-6246D40DBFBE}.Debug-Net40|Any CPU.ActiveCfg = Debug-Net40|Any CPU
		{BE6699E0-260C-49E3-9959-6246D40DBFBE}.Debug-Net40|Any CPU.Build.0 = Debug-Net40|Any CPU
		{BE6699E0-260C-49E3-9959-6246D40DBFBE}.Release|Any CPU.ActiveCfg = Release|Any CPU
		{BE6699E0-260C-49E3-9959-6246D40DBFBE}.Release|Any CPU.Build.0 = Release|Any CPU
		{BE6699E0-260C-49E3-9959-6246D40DBFBE}.Release-Net35|Any CPU.ActiveCfg = Release-Net35|Any CPU
		{BE6699E0-260C-49E3-9959-6246D40DBFBE}.Release-Net35|Any CPU.Build.0 = Release-Net35|Any CPU
		{BE6699E0-260C-49E3-9959-6246D40DBFBE}.Release-Net40|Any CPU.ActiveCfg = Release-Net40|Any CPU
		{BE6699E0-260C-49E3-9959-6246D40DBFBE}.Release-Net40|Any CPU.Build.0 = Release-Net40|Any CPU
	EndGlobalSection
	GlobalSection(SolutionProperties) = preSolution
		HideSolutionNode = FALSE
	EndGlobalSection
EndGlobal
